
Microsoft Visual Studio Solution File, Format Version 12.00
# Visual Studio 15
VisualStudioVersion = 15.0.28010.2046
MinimumVisualStudioVersion = 10.0.40219.1
Project("{FAE04EC0-301F-11D3-BF4B-00C04F79EFBC}") = "DebugDemo", "DebugDemo\DebugDemo.csproj", "{F2C4ED2F-CE43-4149-8694-07AD62EEFA48}"
EndProject
Project("{FAE04EC0-301F-11D3-BF4B-00C04F79EFBC}") = "VariabelDemo", "VariaelDemo\VariabelDemo.csproj", "{C2EC4A50-AF06-476B-B476-1E549CD8A393}"
EndProject
Project("{FAE04EC0-301F-11D3-BF4B-00C04F79EFBC}") = "TalOpgave", "TalOpgave\TalOpgave.csproj", "{17B9E1B5-07F1-4FC5-A5DA-DB860390A60F}"
EndProject
Project("{FAE04EC0-301F-11D3-BF4B-00C04F79EFBC}") = "DateTimeDemo", "DateTimeDemo\DateTimeDemo.csproj", "{F747E7B5-2AC9-4B47-B037-436AB69E0B86}"
EndProject
Project("{FAE04EC0-301F-11D3-BF4B-00C04F79EFBC}") = "TextDemo", "TextDemo\TextDemo.csproj", "{82609373-7B01-4E0F-938E-14E386533062}"
EndProject
Project("{FAE04EC0-301F-11D3-BF4B-00C04F79EFBC}") = "StructEnumDemo", "StructEnumDemo\StructEnumDemo.csproj", "{9A7A3A3E-855F-43DA-B31D-0CF9A533C3AA}"
EndProject
Project("{FAE04EC0-301F-11D3-BF4B-00C04F79EFBC}") = "ForIfDemo", "ForIfDemo\ForIfDemo.csproj", "{CA4D5984-9B11-4790-8E48-6622D52D6D97}"
EndProject
Project("{FAE04EC0-301F-11D3-BF4B-00C04F79EFBC}") = "FlowDemo", "FlowDemo\FlowDemo.csproj", "{0FE1101B-CE6B-4D53-BF20-1F93E21F1E56}"
EndProject
Project("{FAE04EC0-301F-11D3-BF4B-00C04F79EFBC}") = "SimpleDemo", "SimpleDemo\SimpleDemo.csproj", "{EE90135C-AAAD-4845-A667-6DA2A142007D}"
EndProject
Project("{FAE04EC0-301F-11D3-BF4B-00C04F79EFBC}") = "FejlhåndteringEgenEx", "FejlhåndteringEgenEx\FejlhåndteringEgenEx.csproj", "{7144AA7E-5353-4E13-AD1C-CBADC2957670}"
EndProject
Project("{FAE04EC0-301F-11D3-BF4B-00C04F79EFBC}") = "FejlhåndteringSimpel", "FejlhåndteringSimpel\FejlhåndteringSimpel.csproj", "{98E49005-95D6-4081-ACCD-CCDE993CC7E3}"
EndProject
Project("{FAE04EC0-301F-11D3-BF4B-00C04F79EFBC}") = "Hukommelse", "Hukommelse\Hukommelse.csproj", "{9F2D2D90-F4BE-4F0E-A81E-BFF0BBC7E699}"
EndProject
Project("{FAE04EC0-301F-11D3-BF4B-00C04F79EFBC}") = "MetoderStatisk", "MeroderStatisk\MetoderStatisk.csproj", "{6CA2B81C-2C24-42A5-8799-0D6A173F3A55}"
EndProject
Project("{FAE04EC0-301F-11D3-BF4B-00C04F79EFBC}") = "MetoderRekursiv", "MetoderRekursiv\MetoderRekursiv.csproj", "{48A34CBF-1C9F-4306-97BD-705D75ECFB0F}"
EndProject
Project("{FAE04EC0-301F-11D3-BF4B-00C04F79EFBC}") = "oop", "oop\oop.csproj", "{CC717868-8FA4-4892-A34D-8965530A357C}"
EndProject
Project("{FAE04EC0-301F-11D3-BF4B-00C04F79EFBC}") = "Terning", "Terning\Terning.csproj", "{48D27913-731C-4C33-B556-6878D8C1B905}"
EndProject
Project("{FAE04EC0-301F-11D3-BF4B-00C04F79EFBC}") = "EgenskaberFuld", "EgenskaberFuld\EgenskaberFuld.csproj", "{0CF52E32-BCA1-4926-97C0-9983856BBDEA}"
EndProject
Project("{FAE04EC0-301F-11D3-BF4B-00C04F79EFBC}") = "EgenskaberTerning", "EgenskaberTerning\EgenskaberTerning.csproj", "{DA8A1AF7-0BA5-434B-96D9-E6C3A75C1981}"
EndProject
Project("{FAE04EC0-301F-11D3-BF4B-00C04F79EFBC}") = "EgenskaberAuto", "EgenskaberAuto\EgenskaberAuto.csproj", "{57A37C84-632C-4DE9-8061-F40953C578EC}"
EndProject
Project("{FAE04EC0-301F-11D3-BF4B-00C04F79EFBC}") = "EgenskaberGetsomMetoder", "EgenskaberGetsomMetoder\EgenskaberGetsomMetoder.csproj", "{42E87514-21A2-4ABA-991A-64BA9272C454}"
EndProject
Project("{FAE04EC0-301F-11D3-BF4B-00C04F79EFBC}") = "ArraysSimpel", "ArraysSimpel\ArraysSimpel.csproj", "{622CAF04-81BC-458B-AFF5-0A9F405BC317}"
EndProject
Project("{FAE04EC0-301F-11D3-BF4B-00C04F79EFBC}") = "ArraysSplit", "ArraysSplit\ArraysSplit.csproj", "{2479FC70-A3C9-42DD-96A6-FE23F3F1AE71}"
EndProject
Project("{FAE04EC0-301F-11D3-BF4B-00C04F79EFBC}") = "Kortspil", "Kortspil\Kortspil.csproj", "{EFBC01A7-9405-44F6-8583-A78C92957D40}"
EndProject
Project("{FAE04EC0-301F-11D3-BF4B-00C04F79EFBC}") = "SamlingerSimpel", "SamlingerSimpel\SamlingerSimpel.csproj", "{5FB8B4D6-92BA-493D-973A-2DE640A8C26D}"
EndProject
Project("{FAE04EC0-301F-11D3-BF4B-00C04F79EFBC}") = "SamlingerStack", "SamlingerStack\SamlingerStack.csproj", "{8160D2D9-7BA8-4023-B90D-88B3BF3DB197}"
EndProject
Project("{FAE04EC0-301F-11D3-BF4B-00C04F79EFBC}") = "Arv", "Arv\Arv.csproj", "{D2BECAFA-538D-44AE-B618-14C183ED05E8}"
EndProject
Project("{FAE04EC0-301F-11D3-BF4B-00C04F79EFBC}") = "ArvUdvidet", "ArvUdvidet\ArvUdvidet.csproj", "{2F8916C2-8A61-44AC-B83B-F58365F70784}"
EndProject
Project("{FAE04EC0-301F-11D3-BF4B-00C04F79EFBC}") = "KortTest", "KortTest\KortTest.csproj", "{1595C2D3-80E4-4DEC-893D-C20BB2460808}"
EndProject
Project("{FAE04EC0-301F-11D3-BF4B-00C04F79EFBC}") = "ArvTerning", "ArvTerning\ArvTerning.csproj", "{1861B0C7-EE83-4861-A720-DD9CE0C5E116}"
EndProject
Project("{FAE04EC0-301F-11D3-BF4B-00C04F79EFBC}") = "InterfaceCompare", "InterfaceCompare\InterfaceCompare.csproj", "{AE41A808-09B7-4383-A6DE-48392970FF0D}"
EndProject
Project("{FAE04EC0-301F-11D3-BF4B-00C04F79EFBC}") = "InterfaceEget", "InterfaceEget\InterfaceEget.csproj", "{BCFF2615-EE81-4A43-A3A6-B8FFFA3F35BC}"
EndProject
Project("{FAE04EC0-301F-11D3-BF4B-00C04F79EFBC}") = "HeltSimpel", "HeltSimpel\HeltSimpel.csproj", "{8BC61F25-E2BB-49AB-BFE0-541D5676E1B5}"
EndProject
Project("{FAE04EC0-301F-11D3-BF4B-00C04F79EFBC}") = "DelegatesLambda", "DelegatesLambda\DelegatesLambda.csproj", "{D7D1F2D3-CF4B-49E8-9691-864E8A9DEE98}"
EndProject
Project("{FAE04EC0-301F-11D3-BF4B-00C04F79EFBC}") = "EventsFileWatcher", "EventsFileWatcher\EventsFileWatcher.csproj", "{DCE4F17F-4E77-42C5-AE6F-B5D25CDB00AD}"
EndProject
Project("{FAE04EC0-301F-11D3-BF4B-00C04F79EFBC}") = "LINQtoObjects", "LINQtoObjects\LINQtoObjects.csproj", "{B45398AF-0761-488F-93D5-AFC9EEAE8F17}"
EndProject
Global
	GlobalSection(SolutionConfigurationPlatforms) = preSolution
		Debug|Any CPU = Debug|Any CPU
		Release|Any CPU = Release|Any CPU
	EndGlobalSection
	GlobalSection(ProjectConfigurationPlatforms) = postSolution
		{F2C4ED2F-CE43-4149-8694-07AD62EEFA48}.Debug|Any CPU.ActiveCfg = Debug|Any CPU
		{F2C4ED2F-CE43-4149-8694-07AD62EEFA48}.Debug|Any CPU.Build.0 = Debug|Any CPU
		{F2C4ED2F-CE43-4149-8694-07AD62EEFA48}.Release|Any CPU.ActiveCfg = Release|Any CPU
		{F2C4ED2F-CE43-4149-8694-07AD62EEFA48}.Release|Any CPU.Build.0 = Release|Any CPU
		{C2EC4A50-AF06-476B-B476-1E549CD8A393}.Debug|Any CPU.ActiveCfg = Debug|Any CPU
		{C2EC4A50-AF06-476B-B476-1E549CD8A393}.Debug|Any CPU.Build.0 = Debug|Any CPU
		{C2EC4A50-AF06-476B-B476-1E549CD8A393}.Release|Any CPU.ActiveCfg = Release|Any CPU
		{C2EC4A50-AF06-476B-B476-1E549CD8A393}.Release|Any CPU.Build.0 = Release|Any CPU
		{17B9E1B5-07F1-4FC5-A5DA-DB860390A60F}.Debug|Any CPU.ActiveCfg = Debug|Any CPU
		{17B9E1B5-07F1-4FC5-A5DA-DB860390A60F}.Debug|Any CPU.Build.0 = Debug|Any CPU
		{17B9E1B5-07F1-4FC5-A5DA-DB860390A60F}.Release|Any CPU.ActiveCfg = Release|Any CPU
		{17B9E1B5-07F1-4FC5-A5DA-DB860390A60F}.Release|Any CPU.Build.0 = Release|Any CPU
		{F747E7B5-2AC9-4B47-B037-436AB69E0B86}.Debug|Any CPU.ActiveCfg = Debug|Any CPU
		{F747E7B5-2AC9-4B47-B037-436AB69E0B86}.Debug|Any CPU.Build.0 = Debug|Any CPU
		{F747E7B5-2AC9-4B47-B037-436AB69E0B86}.Release|Any CPU.ActiveCfg = Release|Any CPU
		{F747E7B5-2AC9-4B47-B037-436AB69E0B86}.Release|Any CPU.Build.0 = Release|Any CPU
		{82609373-7B01-4E0F-938E-14E386533062}.Debug|Any CPU.ActiveCfg = Debug|Any CPU
		{82609373-7B01-4E0F-938E-14E386533062}.Debug|Any CPU.Build.0 = Debug|Any CPU
		{82609373-7B01-4E0F-938E-14E386533062}.Release|Any CPU.ActiveCfg = Release|Any CPU
		{82609373-7B01-4E0F-938E-14E386533062}.Release|Any CPU.Build.0 = Release|Any CPU
		{9A7A3A3E-855F-43DA-B31D-0CF9A533C3AA}.Debug|Any CPU.ActiveCfg = Debug|Any CPU
		{9A7A3A3E-855F-43DA-B31D-0CF9A533C3AA}.Debug|Any CPU.Build.0 = Debug|Any CPU
		{9A7A3A3E-855F-43DA-B31D-0CF9A533C3AA}.Release|Any CPU.ActiveCfg = Release|Any CPU
		{9A7A3A3E-855F-43DA-B31D-0CF9A533C3AA}.Release|Any CPU.Build.0 = Release|Any CPU
		{CA4D5984-9B11-4790-8E48-6622D52D6D97}.Debug|Any CPU.ActiveCfg = Debug|Any CPU
		{CA4D5984-9B11-4790-8E48-6622D52D6D97}.Debug|Any CPU.Build.0 = Debug|Any CPU
		{CA4D5984-9B11-4790-8E48-6622D52D6D97}.Release|Any CPU.ActiveCfg = Release|Any CPU
		{CA4D5984-9B11-4790-8E48-6622D52D6D97}.Release|Any CPU.Build.0 = Release|Any CPU
		{0FE1101B-CE6B-4D53-BF20-1F93E21F1E56}.Debug|Any CPU.ActiveCfg = Debug|Any CPU
		{0FE1101B-CE6B-4D53-BF20-1F93E21F1E56}.Debug|Any CPU.Build.0 = Debug|Any CPU
		{0FE1101B-CE6B-4D53-BF20-1F93E21F1E56}.Release|Any CPU.ActiveCfg = Release|Any CPU
		{0FE1101B-CE6B-4D53-BF20-1F93E21F1E56}.Release|Any CPU.Build.0 = Release|Any CPU
		{EE90135C-AAAD-4845-A667-6DA2A142007D}.Debug|Any CPU.ActiveCfg = Debug|Any CPU
		{EE90135C-AAAD-4845-A667-6DA2A142007D}.Debug|Any CPU.Build.0 = Debug|Any CPU
		{EE90135C-AAAD-4845-A667-6DA2A142007D}.Release|Any CPU.ActiveCfg = Release|Any CPU
		{EE90135C-AAAD-4845-A667-6DA2A142007D}.Release|Any CPU.Build.0 = Release|Any CPU
		{7144AA7E-5353-4E13-AD1C-CBADC2957670}.Debug|Any CPU.ActiveCfg = Debug|Any CPU
		{7144AA7E-5353-4E13-AD1C-CBADC2957670}.Debug|Any CPU.Build.0 = Debug|Any CPU
		{7144AA7E-5353-4E13-AD1C-CBADC2957670}.Release|Any CPU.ActiveCfg = Release|Any CPU
		{7144AA7E-5353-4E13-AD1C-CBADC2957670}.Release|Any CPU.Build.0 = Release|Any CPU
		{98E49005-95D6-4081-ACCD-CCDE993CC7E3}.Debug|Any CPU.ActiveCfg = Debug|Any CPU
		{98E49005-95D6-4081-ACCD-CCDE993CC7E3}.Debug|Any CPU.Build.0 = Debug|Any CPU
		{98E49005-95D6-4081-ACCD-CCDE993CC7E3}.Release|Any CPU.ActiveCfg = Release|Any CPU
		{98E49005-95D6-4081-ACCD-CCDE993CC7E3}.Release|Any CPU.Build.0 = Release|Any CPU
		{9F2D2D90-F4BE-4F0E-A81E-BFF0BBC7E699}.Debug|Any CPU.ActiveCfg = Debug|Any CPU
		{9F2D2D90-F4BE-4F0E-A81E-BFF0BBC7E699}.Debug|Any CPU.Build.0 = Debug|Any CPU
		{9F2D2D90-F4BE-4F0E-A81E-BFF0BBC7E699}.Release|Any CPU.ActiveCfg = Release|Any CPU
		{9F2D2D90-F4BE-4F0E-A81E-BFF0BBC7E699}.Release|Any CPU.Build.0 = Release|Any CPU
		{6CA2B81C-2C24-42A5-8799-0D6A173F3A55}.Debug|Any CPU.ActiveCfg = Debug|Any CPU
		{6CA2B81C-2C24-42A5-8799-0D6A173F3A55}.Debug|Any CPU.Build.0 = Debug|Any CPU
		{6CA2B81C-2C24-42A5-8799-0D6A173F3A55}.Release|Any CPU.ActiveCfg = Release|Any CPU
		{6CA2B81C-2C24-42A5-8799-0D6A173F3A55}.Release|Any CPU.Build.0 = Release|Any CPU
		{48A34CBF-1C9F-4306-97BD-705D75ECFB0F}.Debug|Any CPU.ActiveCfg = Debug|Any CPU
		{48A34CBF-1C9F-4306-97BD-705D75ECFB0F}.Debug|Any CPU.Build.0 = Debug|Any CPU
		{48A34CBF-1C9F-4306-97BD-705D75ECFB0F}.Release|Any CPU.ActiveCfg = Release|Any CPU
		{48A34CBF-1C9F-4306-97BD-705D75ECFB0F}.Release|Any CPU.Build.0 = Release|Any CPU
		{CC717868-8FA4-4892-A34D-8965530A357C}.Debug|Any CPU.ActiveCfg = Debug|Any CPU
		{CC717868-8FA4-4892-A34D-8965530A357C}.Debug|Any CPU.Build.0 = Debug|Any CPU
		{CC717868-8FA4-4892-A34D-8965530A357C}.Release|Any CPU.ActiveCfg = Release|Any CPU
		{CC717868-8FA4-4892-A34D-8965530A357C}.Release|Any CPU.Build.0 = Release|Any CPU
		{48D27913-731C-4C33-B556-6878D8C1B905}.Debug|Any CPU.ActiveCfg = Debug|Any CPU
		{48D27913-731C-4C33-B556-6878D8C1B905}.Debug|Any CPU.Build.0 = Debug|Any CPU
		{48D27913-731C-4C33-B556-6878D8C1B905}.Release|Any CPU.ActiveCfg = Release|Any CPU
		{48D27913-731C-4C33-B556-6878D8C1B905}.Release|Any CPU.Build.0 = Release|Any CPU
		{0CF52E32-BCA1-4926-97C0-9983856BBDEA}.Debug|Any CPU.ActiveCfg = Debug|Any CPU
		{0CF52E32-BCA1-4926-97C0-9983856BBDEA}.Debug|Any CPU.Build.0 = Debug|Any CPU
		{0CF52E32-BCA1-4926-97C0-9983856BBDEA}.Release|Any CPU.ActiveCfg = Release|Any CPU
		{0CF52E32-BCA1-4926-97C0-9983856BBDEA}.Release|Any CPU.Build.0 = Release|Any CPU
		{DA8A1AF7-0BA5-434B-96D9-E6C3A75C1981}.Debug|Any CPU.ActiveCfg = Debug|Any CPU
		{DA8A1AF7-0BA5-434B-96D9-E6C3A75C1981}.Debug|Any CPU.Build.0 = Debug|Any CPU
		{DA8A1AF7-0BA5-434B-96D9-E6C3A75C1981}.Release|Any CPU.ActiveCfg = Release|Any CPU
		{DA8A1AF7-0BA5-434B-96D9-E6C3A75C1981}.Release|Any CPU.Build.0 = Release|Any CPU
		{57A37C84-632C-4DE9-8061-F40953C578EC}.Debug|Any CPU.ActiveCfg = Debug|Any CPU
		{57A37C84-632C-4DE9-8061-F40953C578EC}.Debug|Any CPU.Build.0 = Debug|Any CPU
		{57A37C84-632C-4DE9-8061-F40953C578EC}.Release|Any CPU.ActiveCfg = Release|Any CPU
		{57A37C84-632C-4DE9-8061-F40953C578EC}.Release|Any CPU.Build.0 = Release|Any CPU
		{42E87514-21A2-4ABA-991A-64BA9272C454}.Debug|Any CPU.ActiveCfg = Debug|Any CPU
		{42E87514-21A2-4ABA-991A-64BA9272C454}.Debug|Any CPU.Build.0 = Debug|Any CPU
		{42E87514-21A2-4ABA-991A-64BA9272C454}.Release|Any CPU.ActiveCfg = Release|Any CPU
		{42E87514-21A2-4ABA-991A-64BA9272C454}.Release|Any CPU.Build.0 = Release|Any CPU
		{622CAF04-81BC-458B-AFF5-0A9F405BC317}.Debug|Any CPU.ActiveCfg = Debug|Any CPU
		{622CAF04-81BC-458B-AFF5-0A9F405BC317}.Debug|Any CPU.Build.0 = Debug|Any CPU
		{622CAF04-81BC-458B-AFF5-0A9F405BC317}.Release|Any CPU.ActiveCfg = Release|Any CPU
		{622CAF04-81BC-458B-AFF5-0A9F405BC317}.Release|Any CPU.Build.0 = Release|Any CPU
		{2479FC70-A3C9-42DD-96A6-FE23F3F1AE71}.Debug|Any CPU.ActiveCfg = Debug|Any CPU
		{2479FC70-A3C9-42DD-96A6-FE23F3F1AE71}.Debug|Any CPU.Build.0 = Debug|Any CPU
		{2479FC70-A3C9-42DD-96A6-FE23F3F1AE71}.Release|Any CPU.ActiveCfg = Release|Any CPU
		{2479FC70-A3C9-42DD-96A6-FE23F3F1AE71}.Release|Any CPU.Build.0 = Release|Any CPU
		{EFBC01A7-9405-44F6-8583-A78C92957D40}.Debug|Any CPU.ActiveCfg = Debug|Any CPU
		{EFBC01A7-9405-44F6-8583-A78C92957D40}.Debug|Any CPU.Build.0 = Debug|Any CPU
		{EFBC01A7-9405-44F6-8583-A78C92957D40}.Release|Any CPU.ActiveCfg = Release|Any CPU
		{EFBC01A7-9405-44F6-8583-A78C92957D40}.Release|Any CPU.Build.0 = Release|Any CPU
		{5FB8B4D6-92BA-493D-973A-2DE640A8C26D}.Debug|Any CPU.ActiveCfg = Debug|Any CPU
		{5FB8B4D6-92BA-493D-973A-2DE640A8C26D}.Debug|Any CPU.Build.0 = Debug|Any CPU
		{5FB8B4D6-92BA-493D-973A-2DE640A8C26D}.Release|Any CPU.ActiveCfg = Release|Any CPU
		{5FB8B4D6-92BA-493D-973A-2DE640A8C26D}.Release|Any CPU.Build.0 = Release|Any CPU
		{8160D2D9-7BA8-4023-B90D-88B3BF3DB197}.Debug|Any CPU.ActiveCfg = Debug|Any CPU
		{8160D2D9-7BA8-4023-B90D-88B3BF3DB197}.Debug|Any CPU.Build.0 = Debug|Any CPU
		{8160D2D9-7BA8-4023-B90D-88B3BF3DB197}.Release|Any CPU.ActiveCfg = Release|Any CPU
		{8160D2D9-7BA8-4023-B90D-88B3BF3DB197}.Release|Any CPU.Build.0 = Release|Any CPU
		{D2BECAFA-538D-44AE-B618-14C183ED05E8}.Debug|Any CPU.ActiveCfg = Debug|Any CPU
		{D2BECAFA-538D-44AE-B618-14C183ED05E8}.Debug|Any CPU.Build.0 = Debug|Any CPU
		{D2BECAFA-538D-44AE-B618-14C183ED05E8}.Release|Any CPU.ActiveCfg = Release|Any CPU
		{D2BECAFA-538D-44AE-B618-14C183ED05E8}.Release|Any CPU.Build.0 = Release|Any CPU
		{2F8916C2-8A61-44AC-B83B-F58365F70784}.Debug|Any CPU.ActiveCfg = Debug|Any CPU
		{2F8916C2-8A61-44AC-B83B-F58365F70784}.Debug|Any CPU.Build.0 = Debug|Any CPU
		{2F8916C2-8A61-44AC-B83B-F58365F70784}.Release|Any CPU.ActiveCfg = Release|Any CPU
		{2F8916C2-8A61-44AC-B83B-F58365F70784}.Release|Any CPU.Build.0 = Release|Any CPU
		{1595C2D3-80E4-4DEC-893D-C20BB2460808}.Debug|Any CPU.ActiveCfg = Debug|Any CPU
		{1595C2D3-80E4-4DEC-893D-C20BB2460808}.Debug|Any CPU.Build.0 = Debug|Any CPU
		{1595C2D3-80E4-4DEC-893D-C20BB2460808}.Release|Any CPU.ActiveCfg = Release|Any CPU
		{1595C2D3-80E4-4DEC-893D-C20BB2460808}.Release|Any CPU.Build.0 = Release|Any CPU
		{1861B0C7-EE83-4861-A720-DD9CE0C5E116}.Debug|Any CPU.ActiveCfg = Debug|Any CPU
		{1861B0C7-EE83-4861-A720-DD9CE0C5E116}.Debug|Any CPU.Build.0 = Debug|Any CPU
		{1861B0C7-EE83-4861-A720-DD9CE0C5E116}.Release|Any CPU.ActiveCfg = Release|Any CPU
		{1861B0C7-EE83-4861-A720-DD9CE0C5E116}.Release|Any CPU.Build.0 = Release|Any CPU
		{AE41A808-09B7-4383-A6DE-48392970FF0D}.Debug|Any CPU.ActiveCfg = Debug|Any CPU
		{AE41A808-09B7-4383-A6DE-48392970FF0D}.Debug|Any CPU.Build.0 = Debug|Any CPU
		{AE41A808-09B7-4383-A6DE-48392970FF0D}.Release|Any CPU.ActiveCfg = Release|Any CPU
		{AE41A808-09B7-4383-A6DE-48392970FF0D}.Release|Any CPU.Build.0 = Release|Any CPU
		{BCFF2615-EE81-4A43-A3A6-B8FFFA3F35BC}.Debug|Any CPU.ActiveCfg = Debug|Any CPU
		{BCFF2615-EE81-4A43-A3A6-B8FFFA3F35BC}.Debug|Any CPU.Build.0 = Debug|Any CPU
		{BCFF2615-EE81-4A43-A3A6-B8FFFA3F35BC}.Release|Any CPU.ActiveCfg = Release|Any CPU
		{BCFF2615-EE81-4A43-A3A6-B8FFFA3F35BC}.Release|Any CPU.Build.0 = Release|Any CPU
		{8BC61F25-E2BB-49AB-BFE0-541D5676E1B5}.Debug|Any CPU.ActiveCfg = Debug|Any CPU
		{8BC61F25-E2BB-49AB-BFE0-541D5676E1B5}.Debug|Any CPU.Build.0 = Debug|Any CPU
		{8BC61F25-E2BB-49AB-BFE0-541D5676E1B5}.Release|Any CPU.ActiveCfg = Release|Any CPU
		{8BC61F25-E2BB-49AB-BFE0-541D5676E1B5}.Release|Any CPU.Build.0 = Release|Any CPU
		{D7D1F2D3-CF4B-49E8-9691-864E8A9DEE98}.Debug|Any CPU.ActiveCfg = Debug|Any CPU
		{D7D1F2D3-CF4B-49E8-9691-864E8A9DEE98}.Debug|Any CPU.Build.0 = Debug|Any CPU
		{D7D1F2D3-CF4B-49E8-9691-864E8A9DEE98}.Release|Any CPU.ActiveCfg = Release|Any CPU
		{D7D1F2D3-CF4B-49E8-9691-864E8A9DEE98}.Release|Any CPU.Build.0 = Release|Any CPU
		{DCE4F17F-4E77-42C5-AE6F-B5D25CDB00AD}.Debug|Any CPU.ActiveCfg = Debug|Any CPU
		{DCE4F17F-4E77-42C5-AE6F-B5D25CDB00AD}.Debug|Any CPU.Build.0 = Debug|Any CPU
		{DCE4F17F-4E77-42C5-AE6F-B5D25CDB00AD}.Release|Any CPU.ActiveCfg = Release|Any CPU
		{DCE4F17F-4E77-42C5-AE6F-B5D25CDB00AD}.Release|Any CPU.Build.0 = Release|Any CPU
		{B45398AF-0761-488F-93D5-AFC9EEAE8F17}.Debug|Any CPU.ActiveCfg = Debug|Any CPU
		{B45398AF-0761-488F-93D5-AFC9EEAE8F17}.Debug|Any CPU.Build.0 = Debug|Any CPU
		{B45398AF-0761-488F-93D5-AFC9EEAE8F17}.Release|Any CPU.ActiveCfg = Release|Any CPU
		{B45398AF-0761-488F-93D5-AFC9EEAE8F17}.Release|Any CPU.Build.0 = Release|Any CPU
	EndGlobalSection
	GlobalSection(SolutionProperties) = preSolution
		HideSolutionNode = FALSE
	EndGlobalSection
	GlobalSection(ExtensibilityGlobals) = postSolution
		SolutionGuid = {936AC2A7-FEAB-40DD-9D64-F3D8F0D25686}
	EndGlobalSection
EndGlobal
