
Microsoft Visual Studio Solution File, Format Version 12.00
# Visual Studio 15
VisualStudioVersion = 15.0.28010.2046
MinimumVisualStudioVersion = 10.0.40219.1
Project("{FAE04EC0-301F-11D3-BF4B-00C04F79EFBC}") = "DebugDemo", "DebugDemo\DebugDemo.csproj", "{F2C4ED2F-CE43-4149-8694-07AD62EEFA48}"
EndProject
Project("{FAE04EC0-301F-11D3-BF4B-00C04F79EFBC}") = "VariabelDemo", "VariaelDemo\VariabelDemo.csproj", "{C2EC4A50-AF06-476B-B476-1E549CD8A393}"
EndProject
Project("{FAE04EC0-301F-11D3-BF4B-00C04F79EFBC}") = "TalOpgave", "TalOpgave\TalOpgave.csproj", "{17B9E1B5-07F1-4FC5-A5DA-DB860390A60F}"
EndProject
Project("{FAE04EC0-301F-11D3-BF4B-00C04F79EFBC}") = "DateTimeDemo", "DateTimeDemo\DateTimeDemo.csproj", "{F747E7B5-2AC9-4B47-B037-436AB69E0B86}"
EndProject
Project("{FAE04EC0-301F-11D3-BF4B-00C04F79EFBC}") = "TextDemo", "TextDemo\TextDemo.csproj", "{82609373-7B01-4E0F-938E-14E386533062}"
EndProject
Project("{FAE04EC0-301F-11D3-BF4B-00C04F79EFBC}") = "StructEnumDemo", "StructEnumDemo\StructEnumDemo.csproj", "{9A7A3A3E-855F-43DA-B31D-0CF9A533C3AA}"
EndProject
Project("{FAE04EC0-301F-11D3-BF4B-00C04F79EFBC}") = "ForIfDemo", "ForIfDemo\ForIfDemo.csproj", "{CA4D5984-9B11-4790-8E48-6622D52D6D97}"
EndProject
Project("{FAE04EC0-301F-11D3-BF4B-00C04F79EFBC}") = "FlowDemo", "FlowDemo\FlowDemo.csproj", "{0FE1101B-CE6B-4D53-BF20-1F93E21F1E56}"
EndProject
Project("{FAE04EC0-301F-11D3-BF4B-00C04F79EFBC}") = "SimpleDemo", "SimpleDemo\SimpleDemo.csproj", "{EE90135C-AAAD-4845-A667-6DA2A142007D}"
EndProject
Global
	GlobalSection(SolutionConfigurationPlatforms) = preSolution
		Debug|Any CPU = Debug|Any CPU
		Release|Any CPU = Release|Any CPU
	EndGlobalSection
	GlobalSection(ProjectConfigurationPlatforms) = postSolution
		{F2C4ED2F-CE43-4149-8694-07AD62EEFA48}.Debug|Any CPU.ActiveCfg = Debug|Any CPU
		{F2C4ED2F-CE43-4149-8694-07AD62EEFA48}.Debug|Any CPU.Build.0 = Debug|Any CPU
		{F2C4ED2F-CE43-4149-8694-07AD62EEFA48}.Release|Any CPU.ActiveCfg = Release|Any CPU
		{F2C4ED2F-CE43-4149-8694-07AD62EEFA48}.Release|Any CPU.Build.0 = Release|Any CPU
		{C2EC4A50-AF06-476B-B476-1E549CD8A393}.Debug|Any CPU.ActiveCfg = Debug|Any CPU
		{C2EC4A50-AF06-476B-B476-1E549CD8A393}.Debug|Any CPU.Build.0 = Debug|Any CPU
		{C2EC4A50-AF06-476B-B476-1E549CD8A393}.Release|Any CPU.ActiveCfg = Release|Any CPU
		{C2EC4A50-AF06-476B-B476-1E549CD8A393}.Release|Any CPU.Build.0 = Release|Any CPU
		{17B9E1B5-07F1-4FC5-A5DA-DB860390A60F}.Debug|Any CPU.ActiveCfg = Debug|Any CPU
		{17B9E1B5-07F1-4FC5-A5DA-DB860390A60F}.Debug|Any CPU.Build.0 = Debug|Any CPU
		{17B9E1B5-07F1-4FC5-A5DA-DB860390A60F}.Release|Any CPU.ActiveCfg = Release|Any CPU
		{17B9E1B5-07F1-4FC5-A5DA-DB860390A60F}.Release|Any CPU.Build.0 = Release|Any CPU
		{F747E7B5-2AC9-4B47-B037-436AB69E0B86}.Debug|Any CPU.ActiveCfg = Debug|Any CPU
		{F747E7B5-2AC9-4B47-B037-436AB69E0B86}.Debug|Any CPU.Build.0 = Debug|Any CPU
		{F747E7B5-2AC9-4B47-B037-436AB69E0B86}.Release|Any CPU.ActiveCfg = Release|Any CPU
		{F747E7B5-2AC9-4B47-B037-436AB69E0B86}.Release|Any CPU.Build.0 = Release|Any CPU
		{82609373-7B01-4E0F-938E-14E386533062}.Debug|Any CPU.ActiveCfg = Debug|Any CPU
		{82609373-7B01-4E0F-938E-14E386533062}.Debug|Any CPU.Build.0 = Debug|Any CPU
		{82609373-7B01-4E0F-938E-14E386533062}.Release|Any CPU.ActiveCfg = Release|Any CPU
		{82609373-7B01-4E0F-938E-14E386533062}.Release|Any CPU.Build.0 = Release|Any CPU
		{9A7A3A3E-855F-43DA-B31D-0CF9A533C3AA}.Debug|Any CPU.ActiveCfg = Debug|Any CPU
		{9A7A3A3E-855F-43DA-B31D-0CF9A533C3AA}.Debug|Any CPU.Build.0 = Debug|Any CPU
		{9A7A3A3E-855F-43DA-B31D-0CF9A533C3AA}.Release|Any CPU.ActiveCfg = Release|Any CPU
		{9A7A3A3E-855F-43DA-B31D-0CF9A533C3AA}.Release|Any CPU.Build.0 = Release|Any CPU
		{CA4D5984-9B11-4790-8E48-6622D52D6D97}.Debug|Any CPU.ActiveCfg = Debug|Any CPU
		{CA4D5984-9B11-4790-8E48-6622D52D6D97}.Debug|Any CPU.Build.0 = Debug|Any CPU
		{CA4D5984-9B11-4790-8E48-6622D52D6D97}.Release|Any CPU.ActiveCfg = Release|Any CPU
		{CA4D5984-9B11-4790-8E48-6622D52D6D97}.Release|Any CPU.Build.0 = Release|Any CPU
		{0FE1101B-CE6B-4D53-BF20-1F93E21F1E56}.Debug|Any CPU.ActiveCfg = Debug|Any CPU
		{0FE1101B-CE6B-4D53-BF20-1F93E21F1E56}.Debug|Any CPU.Build.0 = Debug|Any CPU
		{0FE1101B-CE6B-4D53-BF20-1F93E21F1E56}.Release|Any CPU.ActiveCfg = Release|Any CPU
		{0FE1101B-CE6B-4D53-BF20-1F93E21F1E56}.Release|Any CPU.Build.0 = Release|Any CPU
		{EE90135C-AAAD-4845-A667-6DA2A142007D}.Debug|Any CPU.ActiveCfg = Debug|Any CPU
		{EE90135C-AAAD-4845-A667-6DA2A142007D}.Debug|Any CPU.Build.0 = Debug|Any CPU
		{EE90135C-AAAD-4845-A667-6DA2A142007D}.Release|Any CPU.ActiveCfg = Release|Any CPU
		{EE90135C-AAAD-4845-A667-6DA2A142007D}.Release|Any CPU.Build.0 = Release|Any CPU
	EndGlobalSection
	GlobalSection(SolutionProperties) = preSolution
		HideSolutionNode = FALSE
	EndGlobalSection
	GlobalSection(ExtensibilityGlobals) = postSolution
		SolutionGuid = {936AC2A7-FEAB-40DD-9D64-F3D8F0D25686}
	EndGlobalSection
EndGlobal
